
Microsoft Visual Studio Solution File, Format Version 12.00
# Visual Studio Version 16
VisualStudioVersion = 16.0.31313.79
MinimumVisualStudioVersion = 10.0.40219.1
Project("{FAE04EC0-301F-11D3-BF4B-00C04F79EFBC}") = "console-todo-app", "console-todo-app.csproj", "{966F2292-10B9-494A-9333-85F0E1665230}"
EndProject
Global
	GlobalSection(SolutionConfigurationPlatforms) = preSolution
		Debug|Any CPU = Debug|Any CPU
		Release|Any CPU = Release|Any CPU
	EndGlobalSection
	GlobalSection(ProjectConfigurationPlatforms) = postSolution
		{966F2292-10B9-494A-9333-85F0E1665230}.Debug|Any CPU.ActiveCfg = Debug|Any CPU
		{966F2292-10B9-494A-9333-85F0E1665230}.Debug|Any CPU.Build.0 = Debug|Any CPU
		{966F2292-10B9-494A-9333-85F0E1665230}.Release|Any CPU.ActiveCfg = Release|Any CPU
		{966F2292-10B9-494A-9333-85F0E1665230}.Release|Any CPU.Build.0 = Release|Any CPU
	EndGlobalSection
	GlobalSection(SolutionProperties) = preSolution
		HideSolutionNode = FALSE
	EndGlobalSection
	GlobalSection(ExtensibilityGlobals) = postSolution
		SolutionGuid = {4621E4F7-50F1-490E-8C5A-2988CE117AE8}
	EndGlobalSection
EndGlobal
